
Microsoft Visual Studio Solution File, Format Version 12.00
# Visual Studio 15
VisualStudioVersion = 15.0.27004.2008
MinimumVisualStudioVersion = 10.0.40219.1
Project("{FAE04EC0-301F-11D3-BF4B-00C04F79EFBC}") = "Bases", "Bases\Bases.csproj", "{2D83E738-D67A-486F-BDDB-9AA5E986D220}"
EndProject
Global
	GlobalSection(SolutionConfigurationPlatforms) = preSolution
		Debug|Any CPU = Debug|Any CPU
		Release|Any CPU = Release|Any CPU
	EndGlobalSection
	GlobalSection(ProjectConfigurationPlatforms) = postSolution
		{2D83E738-D67A-486F-BDDB-9AA5E986D220}.Debug|Any CPU.ActiveCfg = Debug|Any CPU
		{2D83E738-D67A-486F-BDDB-9AA5E986D220}.Debug|Any CPU.Build.0 = Debug|Any CPU
		{2D83E738-D67A-486F-BDDB-9AA5E986D220}.Release|Any CPU.ActiveCfg = Release|Any CPU
		{2D83E738-D67A-486F-BDDB-9AA5E986D220}.Release|Any CPU.Build.0 = Release|Any CPU
	EndGlobalSection
	GlobalSection(SolutionProperties) = preSolution
		HideSolutionNode = FALSE
	EndGlobalSection
	GlobalSection(ExtensibilityGlobals) = postSolution
		SolutionGuid = {CACE4138-7E97-46A4-A275-46B2B4C02B77}
	EndGlobalSection
EndGlobal
